{
  "name": "phpunit-sandbox",
  "lockfileVersion": 3,
  "requires": true,
  "packages": {
    "": {
      "devDependencies": {
        "@prettier/plugin-php": "^0.19.3",
        "prettier": "^2.8.4"
      }
    },
    "node_modules/@prettier/plugin-php": {
      "version": "0.19.3",
      "resolved": "https://registry.npmjs.org/@prettier/plugin-php/-/plugin-php-0.19.3.tgz",
      "integrity": "sha512-gCwN+jqrnSC3zW228ZJi6oObAgzFUECSk+2IpKUeC86RZwlPxT/yooKyXiGaesNRl4xtnH3FBjQtaaGrCEzr+Q==",
      "dev": true,
      "dependencies": {
        "linguist-languages": "^7.21.0",
        "mem": "^8.0.0",
        "php-parser": "^3.1.3"
      },
      "peerDependencies": {
        "prettier": "^1.15.0 || ^2.0.0"
      }
    },
    "node_modules/linguist-languages": {
      "version": "7.21.0",
      "resolved": "https://registry.npmjs.org/linguist-languages/-/linguist-languages-7.21.0.tgz",
      "integrity": "sha512-KrWJJbFOvlDhjlt5OhUipVlXg+plUfRurICAyij1ZVxQcqPt/zeReb9KiUVdGUwwhS/2KS9h3TbyfYLA5MDlxQ==",
      "dev": true
    },
    "node_modules/map-age-cleaner": {
      "version": "0.1.3",
      "resolved": "https://registry.npmjs.org/map-age-cleaner/-/map-age-cleaner-0.1.3.tgz",
      "integrity": "sha512-bJzx6nMoP6PDLPBFmg7+xRKeFZvFboMrGlxmNj9ClvX53KrmvM5bXFXEWjbz4cz1AFn+jWJ9z/DJSz7hrs0w3w==",
      "dev": true,
      "dependencies": {
        "p-defer": "^1.0.0"
      },
      "engines": {
        "node": ">=6"
      }
    },
    "node_modules/mem": {
      "version": "8.1.1",
      "resolved": "https://registry.npmjs.org/mem/-/mem-8.1.1.tgz",
      "integrity": "sha512-qFCFUDs7U3b8mBDPyz5EToEKoAkgCzqquIgi9nkkR9bixxOVOre+09lbuH7+9Kn2NFpm56M3GUWVbU2hQgdACA==",
      "dev": true,
      "dependencies": {
        "map-age-cleaner": "^0.1.3",
        "mimic-fn": "^3.1.0"
      },
      "engines": {
        "node": ">=10"
      },
      "funding": {
        "url": "https://github.com/sindresorhus/mem?sponsor=1"
      }
    },
    "node_modules/mimic-fn": {
      "version": "3.1.0",
      "resolved": "https://registry.npmjs.org/mimic-fn/-/mimic-fn-3.1.0.tgz",
      "integrity": "sha512-Ysbi9uYW9hFyfrThdDEQuykN4Ey6BuwPD2kpI5ES/nFTDn/98yxYNLZJcgUAKPT/mcrLLKaGzJR9YVxJrIdASQ==",
      "dev": true,
      "engines": {
        "node": ">=8"
      }
    },
    "node_modules/p-defer": {
      "version": "1.0.0",
      "resolved": "https://registry.npmjs.org/p-defer/-/p-defer-1.0.0.tgz",
      "integrity": "sha512-wB3wfAxZpk2AzOfUMJNL+d36xothRSyj8EXOa4f6GMqYDN9BJaaSISbsk+wS9abmnebVw95C2Kb5t85UmpCxuw==",
      "dev": true,
      "engines": {
        "node": ">=4"
      }
    },
    "node_modules/php-parser": {
      "version": "3.1.3",
      "resolved": "https://registry.npmjs.org/php-parser/-/php-parser-3.1.3.tgz",
      "integrity": "sha512-hPvBmnRYPqWEtMfIFOlyjQv1q75UUtxt4U+YscKIQViGmEE2Xa4BuS1B1/cZdjy7MVcwtnr0WkEsr915LgRKOw==",
      "dev": true
    },
    "node_modules/prettier": {
      "version": "2.8.4",
      "resolved": "https://registry.npmjs.org/prettier/-/prettier-2.8.4.tgz",
      "integrity": "sha512-vIS4Rlc2FNh0BySk3Wkd6xmwxB0FpOndW5fisM5H8hsZSxU2VWVB5CWIkIjWvrHjIhxk2g3bfMKM87zNTrZddw==",
      "dev": true,
      "bin": {
        "prettier": "bin-prettier.js"
      },
      "engines": {
        "node": ">=10.13.0"
      },
      "funding": {
        "url": "https://github.com/prettier/prettier?sponsor=1"
      }
    }
  }
}
